
Microsoft Visual Studio Solution File, Format Version 12.00
# Visual Studio Version 16
VisualStudioVersion = 16.0.32228.343
MinimumVisualStudioVersion = 10.0.40219.1
Project("{FAE04EC0-301F-11D3-BF4B-00C04F79EFBC}") = "Bin2Dec", "Bin2Dec\Bin2Dec.csproj", "{2B15795E-C64C-4FDB-B272-F034A5D76E21}"
EndProject
Global
	GlobalSection(SolutionConfigurationPlatforms) = preSolution
		Debug|Any CPU = Debug|Any CPU
		Release|Any CPU = Release|Any CPU
	EndGlobalSection
	GlobalSection(ProjectConfigurationPlatforms) = postSolution
		{2B15795E-C64C-4FDB-B272-F034A5D76E21}.Debug|Any CPU.ActiveCfg = Debug|Any CPU
		{2B15795E-C64C-4FDB-B272-F034A5D76E21}.Debug|Any CPU.Build.0 = Debug|Any CPU
		{2B15795E-C64C-4FDB-B272-F034A5D76E21}.Release|Any CPU.ActiveCfg = Release|Any CPU
		{2B15795E-C64C-4FDB-B272-F034A5D76E21}.Release|Any CPU.Build.0 = Release|Any CPU
	EndGlobalSection
	GlobalSection(SolutionProperties) = preSolution
		HideSolutionNode = FALSE
	EndGlobalSection
	GlobalSection(ExtensibilityGlobals) = postSolution
		SolutionGuid = {3C385EE2-40FD-4EBA-9188-FE855820374D}
	EndGlobalSection
EndGlobal
